# This file is generated by running "yarn install" inside your project.
# Manual changes might be lost - proceed with caution!

__metadata:
  version: 5
  cacheKey: 8

"@gar/promisify@npm:^1.0.1":
  version: 1.1.2
  resolution: "@gar/promisify@npm:1.1.2"
  checksum: d05081e0887a49c178b75ee3067bd6ee086f73c154d121b854fb2e044e8a89cb1cbb6de3a0dd93a519b80f0531fda68b099dd7256205f7fbb3490324342f2217
  languageName: node
  linkType: hard

"@npmcli/fs@npm:^1.0.0":
  version: 1.1.0
  resolution: "@npmcli/fs@npm:1.1.0"
  dependencies:
    "@gar/promisify": ^1.0.1
    semver: ^7.3.5
  checksum: e435b883b4f8da8c95a820f458cabb7d86582406eed5ad79fc689000d3e2df17e1f475c4903627272c001357cabc70d8b4c62520cbdae8cfab1dfdd51949f408
  languageName: node
  linkType: hard

"@npmcli/move-file@npm:^1.0.1":
  version: 1.1.2
  resolution: "@npmcli/move-file@npm:1.1.2"
  dependencies:
    mkdirp: ^1.0.4
    rimraf: ^3.0.2
  checksum: c96381d4a37448ea280951e46233f7e541058cf57a57d4094dd4bdcaae43fa5872b5f2eb6bfb004591a68e29c5877abe3cdc210cb3588cbf20ab2877f31a7de7
  languageName: node
  linkType: hard

"@types/cacache@npm:^15":
  version: 15.0.1
  resolution: "@types/cacache@npm:15.0.1"
  dependencies:
    "@types/node": "*"
  checksum: ce4f80d2e80e0b7fe0e8551d51ed5883a1621a4f0fa9ab63bd323e51bffc9d5c4b66fa029f065d5b530e351d0cb77759af0a3800f3d8b45f687a54a7b94ae9d9
  languageName: node
  linkType: hard

"@types/cli-table@npm:^0":
  version: 0.3.0
  resolution: "@types/cli-table@npm:0.3.0"
  checksum: defae6a4158fb7faab7f6b8e394184b3aae167a60c43c224f9755bd27131f51204a89cd8067edfc0dc089b8ea9b18b8dcff4985185e3192a2a22a9b544755963
  languageName: node
  linkType: hard

"@types/node@npm:*, @types/node@npm:^17.0.10":
  version: 17.0.10
  resolution: "@types/node@npm:17.0.10"
  checksum: 979e83d642a2b4f18fa1a4233f884822c05abc7acd0836024aa964187f8446432b21f7913e72fe2b3927c4a811c27a0b6cd60ac7c4ac6a6762cfbab70782aa6a
  languageName: node
  linkType: hard

"@types/promise-sequential@npm:^1":
  version: 1.1.0
  resolution: "@types/promise-sequential@npm:1.1.0"
  checksum: 0990f10d6f0e9a976e41444dc1aeae259040ce04ba4a44cff909aaf0fa167f23f2c87c5c07f554556a7d88cb7e4f07255a175aa4c1126b8125cca2e8c2a85fa3
  languageName: node
  linkType: hard

"@types/semver-compare@npm:^1":
  version: 1.0.1
  resolution: "@types/semver-compare@npm:1.0.1"
  checksum: a144766e3bad1fc6e94df2f1964f3ce84cab27bff25e7175f31c5408190e49b17f407e82c6a814b6d7f0ad9f02e7355166bca67b5eb68bd3da116ee996f40c64
  languageName: node
  linkType: hard

"@types/semver@npm:^7":
  version: 7.3.9
  resolution: "@types/semver@npm:7.3.9"
  checksum: 60bfcfdfa7f937be2c6f4b37ddb6714fb0f27b05fe4cbdfdd596a97d35ed95d13ee410efdd88e72a66449d0384220bf20055ab7d6b5df10de4990fbd20e5cbe0
  languageName: node
  linkType: hard

"@types/source-map-support@npm:^0":
  version: 0.5.4
  resolution: "@types/source-map-support@npm:0.5.4"
  dependencies:
    source-map: ^0.6.0
  checksum: 160ff77e8a101b18d9915cb5320fd73d484679aef8518ce007b9b5988e333631778730196c4bb15517ff881bee805663fd8640c0ce2ebfab65f061103c452369
  languageName: node
  linkType: hard

"@types/yaml@npm:^1":
  version: 1.9.6
  resolution: "@types/yaml@npm:1.9.6"
  dependencies:
    yaml: "*"
  checksum: 3df74c9d4028641e2ed710b627ac533e97707713ac17c665df5cc477602f77925a3ceeaf5db76c7400ea42be114609bba990079907e89219ffd905a539997469
  languageName: node
  linkType: hard

"aggregate-error@npm:^3.0.0":
  version: 3.1.0
  resolution: "aggregate-error@npm:3.1.0"
  dependencies:
    clean-stack: ^2.0.0
    indent-string: ^4.0.0
  checksum: 1101a33f21baa27a2fa8e04b698271e64616b886795fd43c31068c07533c7b3facfcaf4e9e0cab3624bd88f729a592f1c901a1a229c9e490eafce411a8644b79
  languageName: node
  linkType: hard

"ansi-colors@npm:^4.1.1":
  version: 4.1.1
  resolution: "ansi-colors@npm:4.1.1"
  checksum: 138d04a51076cb085da0a7e2d000c5c0bb09f6e772ed5c65c53cb118d37f6c5f1637506d7155fb5f330f0abcf6f12fa2e489ac3f8cdab9da393bf1bb4f9a32b0
  languageName: node
  linkType: hard

"ansi-escapes@npm:^4.3.0":
  version: 4.3.2
  resolution: "ansi-escapes@npm:4.3.2"
  dependencies:
    type-fest: ^0.21.3
  checksum: 93111c42189c0a6bed9cdb4d7f2829548e943827ee8479c74d6e0b22ee127b2a21d3f8b5ca57723b8ef78ce011fbfc2784350eb2bde3ccfccf2f575fa8489815
  languageName: node
  linkType: hard

"ansi-regex@npm:^5.0.1":
  version: 5.0.1
  resolution: "ansi-regex@npm:5.0.1"
  checksum: 2aa4bb54caf2d622f1afdad09441695af2a83aa3fe8b8afa581d205e57ed4261c183c4d3877cee25794443fde5876417d859c108078ab788d6af7e4fe52eb66b
  languageName: node
  linkType: hard

"ansi-styles@npm:^4.0.0":
  version: 4.3.0
  resolution: "ansi-styles@npm:4.3.0"
  dependencies:
    color-convert: ^2.0.1
  checksum: 513b44c3b2105dd14cc42a19271e80f386466c4be574bccf60b627432f9198571ebf4ab1e4c3ba17347658f4ee1711c163d574248c0c1cdc2d5917a0ad582ec4
  languageName: node
  linkType: hard

"apt-parser@npm:^1.0.2":
  version: 1.0.2
  resolution: "apt-parser@npm:1.0.2"
  checksum: 3bdbf512eef7e8566475bf9cf2a5003cc814dcf51c0b988b5e0f0fd5d5e9fe195150e326345eb5c385fcc77ef16a09bfcd509b120814d7f7d22b1031459fd473
  languageName: node
  linkType: hard

"astral-regex@npm:^2.0.0":
  version: 2.0.0
  resolution: "astral-regex@npm:2.0.0"
  checksum: 876231688c66400473ba505731df37ea436e574dd524520294cc3bbc54ea40334865e01fa0d074d74d036ee874ee7e62f486ea38bc421ee8e6a871c06f011766
  languageName: node
  linkType: hard

"balanced-match@npm:^1.0.0":
  version: 1.0.2
  resolution: "balanced-match@npm:1.0.2"
  checksum: 9706c088a283058a8a99e0bf91b0a2f75497f185980d9ffa8b304de1d9e58ebda7c72c07ebf01dadedaac5b2907b2c6f566f660d62bd336c3468e960403b9d65
  languageName: node
  linkType: hard

"boolbase@npm:^1.0.0":
  version: 1.0.0
  resolution: "boolbase@npm:1.0.0"
  checksum: 3e25c80ef626c3a3487c73dbfc70ac322ec830666c9ad915d11b701142fab25ec1e63eff2c450c74347acfd2de854ccde865cd79ef4db1683f7c7b046ea43bb0
  languageName: node
  linkType: hard

"brace-expansion@npm:^1.1.7":
  version: 1.1.11
  resolution: "brace-expansion@npm:1.1.11"
  dependencies:
    balanced-match: ^1.0.0
    concat-map: 0.0.1
  checksum: faf34a7bb0c3fcf4b59c7808bc5d2a96a40988addf2e7e09dfbb67a2251800e0d14cd2bfc1aa79174f2f5095c54ff27f46fb1289fe2d77dac755b5eb3434cc07
  languageName: node
  linkType: hard

"buffer-from@npm:^1.0.0":
  version: 1.1.2
  resolution: "buffer-from@npm:1.1.2"
  checksum: 0448524a562b37d4d7ed9efd91685a5b77a50672c556ea254ac9a6d30e3403a517d8981f10e565db24e8339413b43c97ca2951f10e399c6125a0d8911f5679bb
  languageName: node
  linkType: hard

"cacache@npm:^15.3.0":
  version: 15.3.0
  resolution: "cacache@npm:15.3.0"
  dependencies:
    "@npmcli/fs": ^1.0.0
    "@npmcli/move-file": ^1.0.1
    chownr: ^2.0.0
    fs-minipass: ^2.0.0
    glob: ^7.1.4
    infer-owner: ^1.0.4
    lru-cache: ^6.0.0
    minipass: ^3.1.1
    minipass-collect: ^1.0.2
    minipass-flush: ^1.0.5
    minipass-pipeline: ^1.2.2
    mkdirp: ^1.0.3
    p-map: ^4.0.0
    promise-inflight: ^1.0.1
    rimraf: ^3.0.2
    ssri: ^8.0.1
    tar: ^6.0.2
    unique-filename: ^1.1.1
  checksum: a07327c27a4152c04eb0a831c63c00390d90f94d51bb80624a66f4e14a6b6360bbf02a84421267bd4d00ca73ac9773287d8d7169e8d2eafe378d2ce140579db8
  languageName: node
  linkType: hard

"chalk@npm:^5.0.0":
  version: 5.0.0
  resolution: "chalk@npm:5.0.0"
  checksum: 6eba7c518b9aa5fe882ae6d14a1ffa58c418d72a3faa7f72af56641f1bbef51b645fca1d6e05d42357b7d3c846cd504c0b7b64d12309cdd07867e3b4411e0d01
  languageName: node
  linkType: hard

"chownr@npm:^2.0.0":
  version: 2.0.0
  resolution: "chownr@npm:2.0.0"
  checksum: c57cf9dd0791e2f18a5ee9c1a299ae6e801ff58fee96dc8bfd0dcb4738a6ce58dd252a3605b1c93c6418fe4f9d5093b28ffbf4d66648cb2a9c67eaef9679be2f
  languageName: node
  linkType: hard

"clean-stack@npm:^2.0.0":
  version: 2.2.0
  resolution: "clean-stack@npm:2.2.0"
  checksum: 2ac8cd2b2f5ec986a3c743935ec85b07bc174d5421a5efc8017e1f146a1cf5f781ae962618f416352103b32c9cd7e203276e8c28241bbe946160cab16149fb68
  languageName: node
  linkType: hard

"cli-cursor@npm:^3.1.0":
  version: 3.1.0
  resolution: "cli-cursor@npm:3.1.0"
  dependencies:
    restore-cursor: ^3.1.0
  checksum: 2692784c6cd2fd85cfdbd11f53aea73a463a6d64a77c3e098b2b4697a20443f430c220629e1ca3b195ea5ac4a97a74c2ee411f3807abf6df2b66211fec0c0a29
  languageName: node
  linkType: hard

"cli-table@npm:^0.3.11":
  version: 0.3.11
  resolution: "cli-table@npm:0.3.11"
  dependencies:
    colors: 1.0.3
  checksum: 59fb61f992ac9bc8610ed98c72bf7f5d396c5afb42926b6747b46b0f8bb98a0dfa097998e77542ac334c1eb7c18dbf4f104d5783493273c5ec4c34084aa7c663
  languageName: node
  linkType: hard

"cli-truncate@npm:^2.1.0":
  version: 2.1.0
  resolution: "cli-truncate@npm:2.1.0"
  dependencies:
    slice-ansi: ^3.0.0
    string-width: ^4.2.0
  checksum: bf1e4e6195392dc718bf9cd71f317b6300dc4a9191d052f31046b8773230ece4fa09458813bf0e3455a5e68c0690d2ea2c197d14a8b85a7b5e01c97f4b5feb5d
  languageName: node
  linkType: hard

"clipanion@npm:^3.2.0-rc.5":
  version: 3.2.0-rc.5
  resolution: "clipanion@npm:3.2.0-rc.5"
  dependencies:
    typanion: ^3.3.1
  peerDependencies:
    typanion: "*"
  checksum: aee6b7be439258ac14045906a4d43085811b935505f7aeeb8e62a1d36d0a1b94b989ebb89987133c8c43bf790ee73950f7dfee1af566f4d57754b78c3e61b01a
  languageName: node
  linkType: hard

"color-convert@npm:^2.0.1":
  version: 2.0.1
  resolution: "color-convert@npm:2.0.1"
  dependencies:
    color-name: ~1.1.4
  checksum: 79e6bdb9fd479a205c71d89574fccfb22bd9053bd98c6c4d870d65c132e5e904e6034978e55b43d69fcaa7433af2016ee203ce76eeba9cfa554b373e7f7db336
  languageName: node
  linkType: hard

"color-name@npm:~1.1.4":
  version: 1.1.4
  resolution: "color-name@npm:1.1.4"
  checksum: b0445859521eb4021cd0fb0cc1a75cecf67fceecae89b63f62b201cca8d345baf8b952c966862a9d9a2632987d4f6581f0ec8d957dfacece86f0a7919316f610
  languageName: node
  linkType: hard

"colorette@npm:^2.0.16":
  version: 2.0.16
  resolution: "colorette@npm:2.0.16"
  checksum: cd55596a3a2d1071c1a28eee7fd8a5387593ff1bd10a3e8d0a6221499311fe34a9f2b9272d77c391e0e003dcdc8934fb2f8d106e7ef1f7516f8060c901d41a27
  languageName: node
  linkType: hard

"colors@npm:1.0.3":
  version: 1.0.3
  resolution: "colors@npm:1.0.3"
  checksum: 234e8d3ab7e4003851cdd6a1f02eaa16dabc502ee5f4dc576ad7959c64b7477b15bd21177bab4055a4c0a66aa3d919753958030445f87c39a253d73b7a3637f5
  languageName: node
  linkType: hard

"concat-map@npm:0.0.1":
  version: 0.0.1
  resolution: "concat-map@npm:0.0.1"
  checksum: 902a9f5d8967a3e2faf138d5cb784b9979bad2e6db5357c5b21c568df4ebe62bcb15108af1b2253744844eb964fc023fbd9afbbbb6ddd0bcc204c6fb5b7bf3af
  languageName: node
  linkType: hard

"css-select@npm:^4.1.3":
  version: 4.2.1
  resolution: "css-select@npm:4.2.1"
  dependencies:
    boolbase: ^1.0.0
    css-what: ^5.1.0
    domhandler: ^4.3.0
    domutils: ^2.8.0
    nth-check: ^2.0.1
  checksum: 6617193ec7c332217204c4ea371d332c6845603fda415e36032e7e9e18206d7c368a14e3c57532082314d2689955b01122aa1097c1c52b6c1cab7ad90970d3c6
  languageName: node
  linkType: hard

"css-what@npm:^5.1.0":
  version: 5.1.0
  resolution: "css-what@npm:5.1.0"
  checksum: 0b75d1bac95c885c168573c85744a6c6843d8c33345f54f717218b37ea6296b0e99bb12105930ea170fd4a921990392a7c790c16c585c1d8960c49e2b7ec39f7
  languageName: node
  linkType: hard

"data-uri-to-buffer@npm:^4.0.0":
  version: 4.0.0
  resolution: "data-uri-to-buffer@npm:4.0.0"
  checksum: a010653869abe8bb51259432894ac62c52bf79ad761d418d94396f48c346f2ae739c46b254e8bb5987bded8a653d467db1968db3a69bab1d33aa5567baa5cfc7
  languageName: node
  linkType: hard

"dayjs@npm:^1.10.7":
  version: 1.10.7
  resolution: "dayjs@npm:1.10.7"
  checksum: a0a4ca95abaa03d0702161dc2c35d16121188e342f5052b9c61cdf784dab68af766f477c04f87f71c6af666fd4d13db9b9853b87265850d6093b7b04e1bb1cd7
  languageName: node
  linkType: hard

"dom-serializer@npm:^1.0.1":
  version: 1.3.2
  resolution: "dom-serializer@npm:1.3.2"
  dependencies:
    domelementtype: ^2.0.1
    domhandler: ^4.2.0
    entities: ^2.0.0
  checksum: bff48714944d67b160db71ba244fb0f3fe72e77ef2ec8414e2eeb56f2d926e404a13456b8b83a5392e217ba47dec2ec0c368801b31481813e94d185276c3e964
  languageName: node
  linkType: hard

"domelementtype@npm:^2.0.1, domelementtype@npm:^2.2.0":
  version: 2.2.0
  resolution: "domelementtype@npm:2.2.0"
  checksum: 24cb386198640cd58aa36f8c987f2ea61859929106d06ffcc8f547e70cb2ed82a6dc56dcb8252b21fba1f1ea07df6e4356d60bfe57f77114ca1aed6828362629
  languageName: node
  linkType: hard

"domhandler@npm:^4.2.0, domhandler@npm:^4.3.0":
  version: 4.3.0
  resolution: "domhandler@npm:4.3.0"
  dependencies:
    domelementtype: ^2.2.0
  checksum: d2a2dbf40dd99abf936b65ad83c6b530afdb3605a87cad37a11b5d9220e68423ebef1b86c89e0f6d93ffaf315cc327cf1a988652e7a9a95cce539e3984f4c64d
  languageName: node
  linkType: hard

"domutils@npm:^2.8.0":
  version: 2.8.0
  resolution: "domutils@npm:2.8.0"
  dependencies:
    dom-serializer: ^1.0.1
    domelementtype: ^2.2.0
    domhandler: ^4.2.0
  checksum: abf7434315283e9aadc2a24bac0e00eab07ae4313b40cc239f89d84d7315ebdfd2fb1b5bf750a96bc1b4403d7237c7b2ebf60459be394d625ead4ca89b934391
  languageName: node
  linkType: hard

"emoji-regex@npm:^8.0.0":
  version: 8.0.0
  resolution: "emoji-regex@npm:8.0.0"
  checksum: d4c5c39d5a9868b5fa152f00cada8a936868fd3367f33f71be515ecee4c803132d11b31a6222b2571b1e5f7e13890156a94880345594d0ce7e3c9895f560f192
  languageName: node
  linkType: hard

"enquirer@npm:^2.3.6":
  version: 2.3.6
  resolution: "enquirer@npm:2.3.6"
  dependencies:
    ansi-colors: ^4.1.1
  checksum: 1c0911e14a6f8d26721c91e01db06092a5f7675159f0261d69c403396a385afd13dd76825e7678f66daffa930cfaa8d45f506fb35f818a2788463d022af1b884
  languageName: node
  linkType: hard

"entities@npm:^2.0.0":
  version: 2.2.0
  resolution: "entities@npm:2.2.0"
  checksum: 19010dacaf0912c895ea262b4f6128574f9ccf8d4b3b65c7e8334ad0079b3706376360e28d8843ff50a78aabcb8f08f0a32dbfacdc77e47ed77ca08b713669b3
  languageName: node
  linkType: hard

"env-paths@npm:^2.2.1":
  version: 2.2.1
  resolution: "env-paths@npm:2.2.1"
  checksum: 65b5df55a8bab92229ab2b40dad3b387fad24613263d103a97f91c9fe43ceb21965cd3392b1ccb5d77088021e525c4e0481adb309625d0cb94ade1d1fb8dc17e
  languageName: node
  linkType: hard

"envfile@npm:^6.17.0":
  version: 6.17.0
  resolution: "envfile@npm:6.17.0"
  bin:
    envfile: bin.cjs
  checksum: e7e9a2bb38daecdc7801153de60cb7a0640d2166577fec561fa268cef7ebd84a6c2cafe312f0a62f560e7e96cf59445c8bbb55a00e249010e90b2fe5c501be66
  languageName: node
  linkType: hard

"fast-equals@npm:^2.0.1":
  version: 2.0.4
  resolution: "fast-equals@npm:2.0.4"
  checksum: 1aac8a2e16b33e5e402bb5cd46be65f1ca331903c2c44e3bd75324e8472ee04f0acdbc6889e45fc28f9707ca3964f2a86789b32305d4d8b85dc97f61e446ef4b
  languageName: node
  linkType: hard

"fetch-blob@npm:^3.1.2, fetch-blob@npm:^3.1.3":
  version: 3.1.3
  resolution: "fetch-blob@npm:3.1.3"
  dependencies:
    web-streams-polyfill: ^3.0.3
  checksum: 7be20e9c9a936601c280ef3cfed1968dbcfb35e31564b9bdc807b48de73587cd358b7c3965a3f03483f5268dc373ae8526608947750f22eb214e20c94efab9c1
  languageName: node
  linkType: hard

"filesize@npm:^8.0.6":
  version: 8.0.6
  resolution: "filesize@npm:8.0.6"
  checksum: a16d7bd88c943ff55185559eabd4e9779d531b281a39a4a884659fd6f58bd29c20337ad7d58dc5492477df484bb9579a7ca6ad77e57a25908a51f8224790aaa3
  languageName: node
  linkType: hard

"formdata-polyfill@npm:^4.0.10":
  version: 4.0.10
  resolution: "formdata-polyfill@npm:4.0.10"
  dependencies:
    fetch-blob: ^3.1.2
  checksum: 82a34df292afadd82b43d4a740ce387bc08541e0a534358425193017bf9fb3567875dc5f69564984b1da979979b70703aa73dee715a17b6c229752ae736dd9db
  languageName: node
  linkType: hard

"fromentries@npm:^1.3.2":
  version: 1.3.2
  resolution: "fromentries@npm:1.3.2"
  checksum: 33729c529ce19f5494f846f0dd4945078f4e37f4e8955f4ae8cc7385c218f600e9d93a7d225d17636c20d1889106fd87061f911550861b7072f53bf891e6b341
  languageName: node
  linkType: hard

"fs-minipass@npm:^2.0.0":
  version: 2.1.0
  resolution: "fs-minipass@npm:2.1.0"
  dependencies:
    minipass: ^3.0.0
  checksum: 1b8d128dae2ac6cc94230cc5ead341ba3e0efaef82dab46a33d171c044caaa6ca001364178d42069b2809c35a1c3c35079a32107c770e9ffab3901b59af8c8b1
  languageName: node
  linkType: hard

"fs.realpath@npm:^1.0.0":
  version: 1.0.0
  resolution: "fs.realpath@npm:1.0.0"
  checksum: 99ddea01a7e75aa276c250a04eedeffe5662bce66c65c07164ad6264f9de18fb21be9433ead460e54cff20e31721c811f4fb5d70591799df5f85dce6d6746fd0
  languageName: node
  linkType: hard

"glob@npm:^7.1.3, glob@npm:^7.1.4":
  version: 7.2.0
  resolution: "glob@npm:7.2.0"
  dependencies:
    fs.realpath: ^1.0.0
    inflight: ^1.0.4
    inherits: 2
    minimatch: ^3.0.4
    once: ^1.3.0
    path-is-absolute: ^1.0.0
  checksum: 78a8ea942331f08ed2e055cb5b9e40fe6f46f579d7fd3d694f3412fe5db23223d29b7fee1575440202e9a7ff9a72ab106a39fee39934c7bedafe5e5f8ae20134
  languageName: node
  linkType: hard

"he@npm:1.2.0":
  version: 1.2.0
  resolution: "he@npm:1.2.0"
  bin:
    he: bin/he
  checksum: 3d4d6babccccd79c5c5a3f929a68af33360d6445587d628087f39a965079d84f18ce9c3d3f917ee1e3978916fc833bb8b29377c3b403f919426f91bc6965e7a7
  languageName: node
  linkType: hard

"husky@npm:^7.0.0":
  version: 7.0.4
  resolution: "husky@npm:7.0.4"
  bin:
    husky: lib/bin.js
  checksum: c6ec4af63da2c9522da8674a20ad9b48362cc92704896cc8a58c6a2a39d797feb2b806f93fbd83a6d653fbdceb2c3b6e0b602c6b2e8565206ffc2882ef7db9e9
  languageName: node
  linkType: hard

"imurmurhash@npm:^0.1.4":
  version: 0.1.4
  resolution: "imurmurhash@npm:0.1.4"
  checksum: 7cae75c8cd9a50f57dadd77482359f659eaebac0319dd9368bcd1714f55e65badd6929ca58569da2b6494ef13fdd5598cd700b1eba23f8b79c5f19d195a3ecf7
  languageName: node
  linkType: hard

"indent-string@npm:^4.0.0":
  version: 4.0.0
  resolution: "indent-string@npm:4.0.0"
  checksum: 824cfb9929d031dabf059bebfe08cf3137365e112019086ed3dcff6a0a7b698cb80cf67ccccde0e25b9e2d7527aa6cc1fed1ac490c752162496caba3e6699612
  languageName: node
  linkType: hard

"infer-owner@npm:^1.0.4":
  version: 1.0.4
  resolution: "infer-owner@npm:1.0.4"
  checksum: 181e732764e4a0611576466b4b87dac338972b839920b2a8cde43642e4ed6bd54dc1fb0b40874728f2a2df9a1b097b8ff83b56d5f8f8e3927f837fdcb47d8a89
  languageName: node
  linkType: hard

"inflight@npm:^1.0.4":
  version: 1.0.6
  resolution: "inflight@npm:1.0.6"
  dependencies:
    once: ^1.3.0
    wrappy: 1
  checksum: f4f76aa072ce19fae87ce1ef7d221e709afb59d445e05d47fba710e85470923a75de35bfae47da6de1b18afc3ce83d70facf44cfb0aff89f0a3f45c0a0244dfd
  languageName: node
  linkType: hard

"inherits@npm:2":
  version: 2.0.4
  resolution: "inherits@npm:2.0.4"
  checksum: 4a48a733847879d6cf6691860a6b1e3f0f4754176e4d71494c41f3475553768b10f84b5ce1d40fbd0e34e6bfbb864ee35858ad4dd2cf31e02fc4a154b724d7f1
  languageName: node
  linkType: hard

"is-fullwidth-code-point@npm:^3.0.0":
  version: 3.0.0
  resolution: "is-fullwidth-code-point@npm:3.0.0"
  checksum: 44a30c29457c7fb8f00297bce733f0a64cd22eca270f83e58c105e0d015e45c019491a4ab2faef91ab51d4738c670daff901c799f6a700e27f7314029e99e348
  languageName: node
  linkType: hard

"is-root@npm:^3.0.0":
  version: 3.0.0
  resolution: "is-root@npm:3.0.0"
  checksum: 4b9f39193951a701ce3b2957b83ce00a80455971b09d6e99ca829c7b9504bf2e0f26b4a1586dd066cb519a92dfefce5f447f3ecc61cf69e7c861826c48682317
  languageName: node
  linkType: hard

"kerneltool@workspace:.":
  version: 0.0.0-use.local
  resolution: "kerneltool@workspace:."
  dependencies:
    "@types/cacache": ^15
    "@types/cli-table": ^0
    "@types/node": ^17.0.10
    "@types/promise-sequential": ^1
    "@types/semver": ^7
    "@types/semver-compare": ^1
    "@types/source-map-support": ^0
    "@types/yaml": ^1
    apt-parser: ^1.0.2
    cacache: ^15.3.0
    chalk: ^5.0.0
    cli-table: ^0.3.11
    clipanion: ^3.2.0-rc.5
    dayjs: ^1.10.7
    enquirer: ^2.3.6
    env-paths: ^2.2.1
    envfile: ^6.17.0
    filesize: ^8.0.6
    husky: ^7.0.0
    is-root: ^3.0.0
    listr2: ^4.0.1
    moize: ^6.1.0
    node-fetch: 3.1.1
    node-html-parser: ^5.2.0
    pinst: ^2.0.0
    prettier: ^2.5.1
    promise-sequential: ^1.1.1
    semver: ^7.3.5
    semver-compare: ^1.0.0
    source-map-support: ^0.5.21
    tslib: ^2.3.1
    typescript: 4.5.4
    unicode-progress: ^1.0.0
    yaml: ^1.10.2
  bin:
    kerneltool: ./dist/cli.js
  languageName: unknown
  linkType: soft

"listr2@npm:^4.0.1":
  version: 4.0.1
  resolution: "listr2@npm:4.0.1"
  dependencies:
    cli-truncate: ^2.1.0
    colorette: ^2.0.16
    log-update: ^4.0.0
    p-map: ^4.0.0
    rfdc: ^1.3.0
    rxjs: ^7.5.2
    through: ^2.3.8
    wrap-ansi: ^7.0.0
  peerDependencies:
    enquirer: ">= 2.3.0 < 3"
  peerDependenciesMeta:
    enquirer:
      optional: true
  checksum: 38f7c8b779122039f07aee16b29788b04e8766d62244fc747d15e224eeeccefc375c05e0eb3d7e69bf20b0080f69dc003415cdb0b3933f766a29ba6b77dfdd65
  languageName: node
  linkType: hard

"log-update@npm:^4.0.0":
  version: 4.0.0
  resolution: "log-update@npm:4.0.0"
  dependencies:
    ansi-escapes: ^4.3.0
    cli-cursor: ^3.1.0
    slice-ansi: ^4.0.0
    wrap-ansi: ^6.2.0
  checksum: ae2f85bbabc1906034154fb7d4c4477c79b3e703d22d78adee8b3862fa913942772e7fa11713e3d96fb46de4e3cabefbf5d0a544344f03b58d3c4bff52aa9eb2
  languageName: node
  linkType: hard

"lru-cache@npm:^6.0.0":
  version: 6.0.0
  resolution: "lru-cache@npm:6.0.0"
  dependencies:
    yallist: ^4.0.0
  checksum: f97f499f898f23e4585742138a22f22526254fdba6d75d41a1c2526b3b6cc5747ef59c5612ba7375f42aca4f8461950e925ba08c991ead0651b4918b7c978297
  languageName: node
  linkType: hard

"micro-memoize@npm:^4.0.9":
  version: 4.0.9
  resolution: "micro-memoize@npm:4.0.9"
  checksum: c755539864caaa232b948e1b351f371df91ceaa78e16b18abe64dd488de93dde253456c3a6c4f93b48e05aa3e2e012891f7c21e5ba876d7850f4e4ea33a0f944
  languageName: node
  linkType: hard

"mimic-fn@npm:^2.1.0":
  version: 2.1.0
  resolution: "mimic-fn@npm:2.1.0"
  checksum: d2421a3444848ce7f84bd49115ddacff29c15745db73f54041edc906c14b131a38d05298dae3081667627a59b2eb1ca4b436ff2e1b80f69679522410418b478a
  languageName: node
  linkType: hard

"minimatch@npm:^3.0.4":
  version: 3.0.4
  resolution: "minimatch@npm:3.0.4"
  dependencies:
    brace-expansion: ^1.1.7
  checksum: 66ac295f8a7b59788000ea3749938b0970344c841750abd96694f80269b926ebcafad3deeb3f1da2522978b119e6ae3a5869b63b13a7859a456b3408bd18a078
  languageName: node
  linkType: hard

"minipass-collect@npm:^1.0.2":
  version: 1.0.2
  resolution: "minipass-collect@npm:1.0.2"
  dependencies:
    minipass: ^3.0.0
  checksum: 14df761028f3e47293aee72888f2657695ec66bd7d09cae7ad558da30415fdc4752bbfee66287dcc6fd5e6a2fa3466d6c484dc1cbd986525d9393b9523d97f10
  languageName: node
  linkType: hard

"minipass-flush@npm:^1.0.5":
  version: 1.0.5
  resolution: "minipass-flush@npm:1.0.5"
  dependencies:
    minipass: ^3.0.0
  checksum: 56269a0b22bad756a08a94b1ffc36b7c9c5de0735a4dd1ab2b06c066d795cfd1f0ac44a0fcae13eece5589b908ecddc867f04c745c7009be0b566421ea0944cf
  languageName: node
  linkType: hard

"minipass-pipeline@npm:^1.2.2":
  version: 1.2.4
  resolution: "minipass-pipeline@npm:1.2.4"
  dependencies:
    minipass: ^3.0.0
  checksum: b14240dac0d29823c3d5911c286069e36d0b81173d7bdf07a7e4a91ecdef92cdff4baaf31ea3746f1c61e0957f652e641223970870e2353593f382112257971b
  languageName: node
  linkType: hard

"minipass@npm:^3.0.0, minipass@npm:^3.1.1":
  version: 3.1.6
  resolution: "minipass@npm:3.1.6"
  dependencies:
    yallist: ^4.0.0
  checksum: 57a04041413a3531a65062452cb5175f93383ef245d6f4a2961d34386eb9aa8ac11ac7f16f791f5e8bbaf1dfb1ef01596870c88e8822215db57aa591a5bb0a77
  languageName: node
  linkType: hard

"minizlib@npm:^2.1.1":
  version: 2.1.2
  resolution: "minizlib@npm:2.1.2"
  dependencies:
    minipass: ^3.0.0
    yallist: ^4.0.0
  checksum: f1fdeac0b07cf8f30fcf12f4b586795b97be856edea22b5e9072707be51fc95d41487faec3f265b42973a304fe3a64acd91a44a3826a963e37b37bafde0212c3
  languageName: node
  linkType: hard

"mkdirp@npm:^1.0.3, mkdirp@npm:^1.0.4":
  version: 1.0.4
  resolution: "mkdirp@npm:1.0.4"
  bin:
    mkdirp: bin/cmd.js
  checksum: a96865108c6c3b1b8e1d5e9f11843de1e077e57737602de1b82030815f311be11f96f09cce59bd5b903d0b29834733e5313f9301e3ed6d6f6fba2eae0df4298f
  languageName: node
  linkType: hard

"moize@npm:^6.1.0":
  version: 6.1.0
  resolution: "moize@npm:6.1.0"
  dependencies:
    fast-equals: ^2.0.1
    micro-memoize: ^4.0.9
  checksum: 95769f7860c293468890c30e1c812487f2f5e462d5069375ebcca133149458aacfd51cd53f9b894112db8973d216f767544c724e1a959939c80addffa88eb100
  languageName: node
  linkType: hard

"node-fetch@npm:3.1.1":
  version: 3.1.1
  resolution: "node-fetch@npm:3.1.1"
  dependencies:
    data-uri-to-buffer: ^4.0.0
    fetch-blob: ^3.1.3
    formdata-polyfill: ^4.0.10
  checksum: 2e03f9a309a0a3e20758045e5eea5f1a0961be236f01cf9caecfd2224a1388a59a5c7fa3809d16f76cce1b5b7411a61db146fd265b7af5a6c9e5920a18eeef63
  languageName: node
  linkType: hard

"node-html-parser@npm:^5.2.0":
  version: 5.2.0
  resolution: "node-html-parser@npm:5.2.0"
  dependencies:
    css-select: ^4.1.3
    he: 1.2.0
  checksum: 999b3f3f461ac3ea810cb333d34049dc708c39599732d26a1c3dde3dfc0ecaa9f47cddd71f4507746c0bdac02692225a337c2b2b5adab6192a10285d01117a5e
  languageName: node
  linkType: hard

"nth-check@npm:^2.0.1":
  version: 2.0.1
  resolution: "nth-check@npm:2.0.1"
  dependencies:
    boolbase: ^1.0.0
  checksum: 5386d035c48438ff304fe687704d93886397349d1bed136de97aeae464caba10e8ffac55a04b215b86b3bc8897f33e0a5aa1045a9d8b2f251ae61b2a3ad3e450
  languageName: node
  linkType: hard

"once@npm:^1.3.0":
  version: 1.4.0
  resolution: "once@npm:1.4.0"
  dependencies:
    wrappy: 1
  checksum: cd0a88501333edd640d95f0d2700fbde6bff20b3d4d9bdc521bdd31af0656b5706570d6c6afe532045a20bb8dc0849f8332d6f2a416e0ba6d3d3b98806c7db68
  languageName: node
  linkType: hard

"onetime@npm:^5.1.0":
  version: 5.1.2
  resolution: "onetime@npm:5.1.2"
  dependencies:
    mimic-fn: ^2.1.0
  checksum: 2478859ef817fc5d4e9c2f9e5728512ddd1dbc9fb7829ad263765bb6d3b91ce699d6e2332eef6b7dff183c2f490bd3349f1666427eaba4469fba0ac38dfd0d34
  languageName: node
  linkType: hard

"p-map@npm:^4.0.0":
  version: 4.0.0
  resolution: "p-map@npm:4.0.0"
  dependencies:
    aggregate-error: ^3.0.0
  checksum: cb0ab21ec0f32ddffd31dfc250e3afa61e103ef43d957cc45497afe37513634589316de4eb88abdfd969fe6410c22c0b93ab24328833b8eb1ccc087fc0442a1c
  languageName: node
  linkType: hard

"path-is-absolute@npm:^1.0.0":
  version: 1.0.1
  resolution: "path-is-absolute@npm:1.0.1"
  checksum: 060840f92cf8effa293bcc1bea81281bd7d363731d214cbe5c227df207c34cd727430f70c6037b5159c8a870b9157cba65e775446b0ab06fd5ecc7e54615a3b8
  languageName: node
  linkType: hard

"pinst@npm:^2.0.0":
  version: 2.1.6
  resolution: "pinst@npm:2.1.6"
  dependencies:
    fromentries: ^1.3.2
  bin:
    pinst: bin.js
  checksum: 3644c352a7a956a0a299012609783456e055b2c4dab274bcbe8ea86d3347355a0552da31a7f3fb6ce91d6102f27b6dde64edd69c2cdaaeb811b87bf205655e36
  languageName: node
  linkType: hard

"prettier@npm:^2.5.1":
  version: 2.5.1
  resolution: "prettier@npm:2.5.1"
  bin:
    prettier: bin-prettier.js
  checksum: 21b9408476ea1c544b0e45d51ceb94a84789ff92095abb710942d780c862d0daebdb29972d47f6b4d0f7ebbfb0ffbf56cc2cfa3e3e9d1cca54864af185b15b66
  languageName: node
  linkType: hard

"promise-inflight@npm:^1.0.1":
  version: 1.0.1
  resolution: "promise-inflight@npm:1.0.1"
  checksum: 22749483091d2c594261517f4f80e05226d4d5ecc1fc917e1886929da56e22b5718b7f2a75f3807e7a7d471bc3be2907fe92e6e8f373ddf5c64bae35b5af3981
  languageName: node
  linkType: hard

"promise-sequential@npm:^1.1.1":
  version: 1.1.1
  resolution: "promise-sequential@npm:1.1.1"
  checksum: 6d678e8604f5bb665dbce9fb05904d8afc31d03c807ca86b2925b0d40826d8cc53f305dd1b4431fec645e91041bd470a95039c6ef725e5190446a0f901c979e6
  languageName: node
  linkType: hard

"restore-cursor@npm:^3.1.0":
  version: 3.1.0
  resolution: "restore-cursor@npm:3.1.0"
  dependencies:
    onetime: ^5.1.0
    signal-exit: ^3.0.2
  checksum: f877dd8741796b909f2a82454ec111afb84eb45890eb49ac947d87991379406b3b83ff9673a46012fca0d7844bb989f45cc5b788254cf1a39b6b5a9659de0630
  languageName: node
  linkType: hard

"rfdc@npm:^1.3.0":
  version: 1.3.0
  resolution: "rfdc@npm:1.3.0"
  checksum: fb2ba8512e43519983b4c61bd3fa77c0f410eff6bae68b08614437bc3f35f91362215f7b4a73cbda6f67330b5746ce07db5dd9850ad3edc91271ad6deea0df32
  languageName: node
  linkType: hard

"rimraf@npm:^3.0.2":
  version: 3.0.2
  resolution: "rimraf@npm:3.0.2"
  dependencies:
    glob: ^7.1.3
  bin:
    rimraf: bin.js
  checksum: 87f4164e396f0171b0a3386cc1877a817f572148ee13a7e113b238e48e8a9f2f31d009a92ec38a591ff1567d9662c6b67fd8818a2dbbaed74bc26a87a2a4a9a0
  languageName: node
  linkType: hard

"rxjs@npm:^7.5.2":
  version: 7.5.2
  resolution: "rxjs@npm:7.5.2"
  dependencies:
    tslib: ^2.1.0
  checksum: daf1fe7289de500b25d822fd96cde3c138c7902e8bf0e6aa12a3e70847a5cabeeb4d677f10e19387e1db44b12c5b1be0ff5c79b8cd63ed6ce891d765e566cf4d
  languageName: node
  linkType: hard

"semver-compare@npm:^1.0.0":
  version: 1.0.0
  resolution: "semver-compare@npm:1.0.0"
  checksum: dd1d7e2909744cf2cf71864ac718efc990297f9de2913b68e41a214319e70174b1d1793ac16e31183b128c2b9812541300cb324db8168e6cf6b570703b171c68
  languageName: node
  linkType: hard

"semver@npm:^7.3.5":
  version: 7.3.5
  resolution: "semver@npm:7.3.5"
  dependencies:
    lru-cache: ^6.0.0
  bin:
    semver: bin/semver.js
  checksum: 5eafe6102bea2a7439897c1856362e31cc348ccf96efd455c8b5bc2c61e6f7e7b8250dc26b8828c1d76a56f818a7ee907a36ae9fb37a599d3d24609207001d60
  languageName: node
  linkType: hard

"signal-exit@npm:^3.0.2":
  version: 3.0.6
  resolution: "signal-exit@npm:3.0.6"
  checksum: b819ac81ba757af559dad0804233ae31bf6f054591cd8a671e9cbcf09f21c72ec3076fe87d1e04861f5b33b47d63f0694b568de99c99cd733ee2060515beb6d5
  languageName: node
  linkType: hard

"slice-ansi@npm:^3.0.0":
  version: 3.0.0
  resolution: "slice-ansi@npm:3.0.0"
  dependencies:
    ansi-styles: ^4.0.0
    astral-regex: ^2.0.0
    is-fullwidth-code-point: ^3.0.0
  checksum: 5ec6d022d12e016347e9e3e98a7eb2a592213a43a65f1b61b74d2c78288da0aded781f665807a9f3876b9daa9ad94f64f77d7633a0458876c3a4fdc4eb223f24
  languageName: node
  linkType: hard

"slice-ansi@npm:^4.0.0":
  version: 4.0.0
  resolution: "slice-ansi@npm:4.0.0"
  dependencies:
    ansi-styles: ^4.0.0
    astral-regex: ^2.0.0
    is-fullwidth-code-point: ^3.0.0
  checksum: 4a82d7f085b0e1b070e004941ada3c40d3818563ac44766cca4ceadd2080427d337554f9f99a13aaeb3b4a94d9964d9466c807b3d7b7541d1ec37ee32d308756
  languageName: node
  linkType: hard

"source-map-support@npm:^0.5.21":
  version: 0.5.21
  resolution: "source-map-support@npm:0.5.21"
  dependencies:
    buffer-from: ^1.0.0
    source-map: ^0.6.0
  checksum: 43e98d700d79af1d36f859bdb7318e601dfc918c7ba2e98456118ebc4c4872b327773e5a1df09b0524e9e5063bb18f0934538eace60cca2710d1fa687645d137
  languageName: node
  linkType: hard

"source-map@npm:^0.6.0":
  version: 0.6.1
  resolution: "source-map@npm:0.6.1"
  checksum: 59ce8640cf3f3124f64ac289012c2b8bd377c238e316fb323ea22fbfe83da07d81e000071d7242cad7a23cd91c7de98e4df8830ec3f133cb6133a5f6e9f67bc2
  languageName: node
  linkType: hard

"ssri@npm:^8.0.1":
  version: 8.0.1
  resolution: "ssri@npm:8.0.1"
  dependencies:
    minipass: ^3.1.1
  checksum: bc447f5af814fa9713aa201ec2522208ae0f4d8f3bda7a1f445a797c7b929a02720436ff7c478fb5edc4045adb02b1b88d2341b436a80798734e2494f1067b36
  languageName: node
  linkType: hard

"string-width@npm:^4.1.0, string-width@npm:^4.2.0":
  version: 4.2.3
  resolution: "string-width@npm:4.2.3"
  dependencies:
    emoji-regex: ^8.0.0
    is-fullwidth-code-point: ^3.0.0
    strip-ansi: ^6.0.1
  checksum: e52c10dc3fbfcd6c3a15f159f54a90024241d0f149cf8aed2982a2d801d2e64df0bf1dc351cf8e95c3319323f9f220c16e740b06faecd53e2462df1d2b5443fb
  languageName: node
  linkType: hard

"strip-ansi@npm:^6.0.0, strip-ansi@npm:^6.0.1":
  version: 6.0.1
  resolution: "strip-ansi@npm:6.0.1"
  dependencies:
    ansi-regex: ^5.0.1
  checksum: f3cd25890aef3ba6e1a74e20896c21a46f482e93df4a06567cebf2b57edabb15133f1f94e57434e0a958d61186087b1008e89c94875d019910a213181a14fc8c
  languageName: node
  linkType: hard

"tar@npm:^6.0.2":
  version: 6.1.11
  resolution: "tar@npm:6.1.11"
  dependencies:
    chownr: ^2.0.0
    fs-minipass: ^2.0.0
    minipass: ^3.0.0
    minizlib: ^2.1.1
    mkdirp: ^1.0.3
    yallist: ^4.0.0
  checksum: a04c07bb9e2d8f46776517d4618f2406fb977a74d914ad98b264fc3db0fe8224da5bec11e5f8902c5b9bcb8ace22d95fbe3c7b36b8593b7dfc8391a25898f32f
  languageName: node
  linkType: hard

"through@npm:^2.3.8":
  version: 2.3.8
  resolution: "through@npm:2.3.8"
  checksum: a38c3e059853c494af95d50c072b83f8b676a9ba2818dcc5b108ef252230735c54e0185437618596c790bbba8fcdaef5b290405981ffa09dce67b1f1bf190cbd
  languageName: node
  linkType: hard

"tslib@npm:^2.1.0, tslib@npm:^2.3.1":
  version: 2.3.1
  resolution: "tslib@npm:2.3.1"
  checksum: de17a98d4614481f7fcb5cd53ffc1aaf8654313be0291e1bfaee4b4bb31a20494b7d218ff2e15017883e8ea9626599b3b0e0229c18383ba9dce89da2adf15cb9
  languageName: node
  linkType: hard

"typanion@npm:^3.3.1":
  version: 3.7.1
  resolution: "typanion@npm:3.7.1"
  checksum: 79f396a960167956999b585eb9f0baa61c79455c680778dd950261e73bf6465f5a38779cc176142099c7fbf440d578b44664632bb1e3e41769199278751d7d92
  languageName: node
  linkType: hard

"type-fest@npm:^0.21.3":
  version: 0.21.3
  resolution: "type-fest@npm:0.21.3"
  checksum: e6b32a3b3877f04339bae01c193b273c62ba7bfc9e325b8703c4ee1b32dc8fe4ef5dfa54bf78265e069f7667d058e360ae0f37be5af9f153b22382cd55a9afe0
  languageName: node
  linkType: hard

"typescript@npm:4.5.4":
  version: 4.5.4
  resolution: "typescript@npm:4.5.4"
  bin:
    tsc: bin/tsc
    tsserver: bin/tsserver
  checksum: 59f3243f9cd6fe3161e6150ff6bf795fc843b4234a655dbd938a310515e0d61afd1ac942799e7415e4334255e41c2c49b7dd5d9fd38a17acd25a6779ca7e0961
  languageName: node
  linkType: hard

"typescript@patch:typescript@4.5.4#~builtin<compat/typescript>":
  version: 4.5.4
  resolution: "typescript@patch:typescript@npm%3A4.5.4#~builtin<compat/typescript>::version=4.5.4&hash=493e53"
  bin:
    tsc: bin/tsc
    tsserver: bin/tsserver
  checksum: 2e488dde7d2c4a2fa2e79cf2470600f8ce81bc0563c276b72df8ff412d74456ae532ba824650ae936ce207440c79720ddcfaa25e3cb4477572b8534fa4e34d49
  languageName: node
  linkType: hard

"unicode-progress@npm:^1.0.0":
  version: 1.0.0
  resolution: "unicode-progress@npm:1.0.0"
  checksum: 08159db144037ec1fcea39e03bad4aee91037e14c12a9a09c91a91533318714c89cbf5e5768d10d074df96d6e95039832d964f01be1be3215998ad1d767f95c8
  languageName: node
  linkType: hard

"unique-filename@npm:^1.1.1":
  version: 1.1.1
  resolution: "unique-filename@npm:1.1.1"
  dependencies:
    unique-slug: ^2.0.0
  checksum: cf4998c9228cc7647ba7814e255dec51be43673903897b1786eff2ac2d670f54d4d733357eb08dea969aa5e6875d0e1bd391d668fbdb5a179744e7c7551a6f80
  languageName: node
  linkType: hard

"unique-slug@npm:^2.0.0":
  version: 2.0.2
  resolution: "unique-slug@npm:2.0.2"
  dependencies:
    imurmurhash: ^0.1.4
  checksum: 5b6876a645da08d505dedb970d1571f6cebdf87044cb6b740c8dbb24f0d6e1dc8bdbf46825fd09f994d7cf50760e6f6e063cfa197d51c5902c00a861702eb75a
  languageName: node
  linkType: hard

"web-streams-polyfill@npm:^3.0.3":
  version: 3.2.0
  resolution: "web-streams-polyfill@npm:3.2.0"
  checksum: e23ad0649392fa0159dbfc6bb27474c308c3f332d9078cfef3c06c154165bef18732c5814126147c6c712f604216ddc950c171c854e3821f020e0d2d721a5958
  languageName: node
  linkType: hard

"wrap-ansi@npm:^6.2.0":
  version: 6.2.0
  resolution: "wrap-ansi@npm:6.2.0"
  dependencies:
    ansi-styles: ^4.0.0
    string-width: ^4.1.0
    strip-ansi: ^6.0.0
  checksum: 6cd96a410161ff617b63581a08376f0cb9162375adeb7956e10c8cd397821f7eb2a6de24eb22a0b28401300bf228c86e50617cd568209b5f6775b93c97d2fe3a
  languageName: node
  linkType: hard

"wrap-ansi@npm:^7.0.0":
  version: 7.0.0
  resolution: "wrap-ansi@npm:7.0.0"
  dependencies:
    ansi-styles: ^4.0.0
    string-width: ^4.1.0
    strip-ansi: ^6.0.0
  checksum: a790b846fd4505de962ba728a21aaeda189b8ee1c7568ca5e817d85930e06ef8d1689d49dbf0e881e8ef84436af3a88bc49115c2e2788d841ff1b8b5b51a608b
  languageName: node
  linkType: hard

"wrappy@npm:1":
  version: 1.0.2
  resolution: "wrappy@npm:1.0.2"
  checksum: 159da4805f7e84a3d003d8841557196034155008f817172d4e986bd591f74aa82aa7db55929a54222309e01079a65a92a9e6414da5a6aa4b01ee44a511ac3ee5
  languageName: node
  linkType: hard

"yallist@npm:^4.0.0":
  version: 4.0.0
  resolution: "yallist@npm:4.0.0"
  checksum: 343617202af32df2a15a3be36a5a8c0c8545208f3d3dfbc6bb7c3e3b7e8c6f8e7485432e4f3b88da3031a6e20afa7c711eded32ddfb122896ac5d914e75848d5
  languageName: node
  linkType: hard

"yaml@npm:*, yaml@npm:^1.10.2":
  version: 1.10.2
  resolution: "yaml@npm:1.10.2"
  checksum: ce4ada136e8a78a0b08dc10b4b900936912d15de59905b2bf415b4d33c63df1d555d23acb2a41b23cf9fb5da41c256441afca3d6509de7247daa062fd2c5ea5f
  languageName: node
  linkType: hard
